
Microsoft Visual Studio Solution File, Format Version 12.00
# Visual Studio Version 17
VisualStudioVersion = 17.14.36429.23
MinimumVisualStudioVersion = 10.0.40219.1
Project("{FAE04EC0-301F-11D3-BF4B-00C04F79EFBC}") = "LinearExpressions1", "LinearExpressions1\LinearExpressions1.csproj", "{21BC8E08-CA02-4929-86EF-2AE83B1DDADA}"
EndProject
Project("{FAE04EC0-301F-11D3-BF4B-00C04F79EFBC}") = "LinearExpressions2", "LinearExpressions2\LinearExpressions2.csproj", "{D7EB7118-F0D8-4399-9325-7F0FF9337612}"
EndProject
Global
	GlobalSection(SolutionConfigurationPlatforms) = preSolution
		Debug|Any CPU = Debug|Any CPU
		Release|Any CPU = Release|Any CPU
	EndGlobalSection
	GlobalSection(ProjectConfigurationPlatforms) = postSolution
		{21BC8E08-CA02-4929-86EF-2AE83B1DDADA}.Debug|Any CPU.ActiveCfg = Debug|Any CPU
		{21BC8E08-CA02-4929-86EF-2AE83B1DDADA}.Debug|Any CPU.Build.0 = Debug|Any CPU
		{21BC8E08-CA02-4929-86EF-2AE83B1DDADA}.Release|Any CPU.ActiveCfg = Release|Any CPU
		{21BC8E08-CA02-4929-86EF-2AE83B1DDADA}.Release|Any CPU.Build.0 = Release|Any CPU
		{D7EB7118-F0D8-4399-9325-7F0FF9337612}.Debug|Any CPU.ActiveCfg = Debug|Any CPU
		{D7EB7118-F0D8-4399-9325-7F0FF9337612}.Debug|Any CPU.Build.0 = Debug|Any CPU
		{D7EB7118-F0D8-4399-9325-7F0FF9337612}.Release|Any CPU.ActiveCfg = Release|Any CPU
		{D7EB7118-F0D8-4399-9325-7F0FF9337612}.Release|Any CPU.Build.0 = Release|Any CPU
	EndGlobalSection
	GlobalSection(SolutionProperties) = preSolution
		HideSolutionNode = FALSE
	EndGlobalSection
	GlobalSection(ExtensibilityGlobals) = postSolution
		SolutionGuid = {B9B75FE9-2188-4AF9-B91D-A33DAEF5B542}
	EndGlobalSection
EndGlobal
